
Microsoft Visual Studio Solution File, Format Version 12.00
Project("{FAE04EC0-301F-11D3-BF4B-00C04F79EFBC}") = "OSS.Twtr.Api", "OSS.Twtr.Api\OSS.Twtr.Api.csproj", "{DABACAF3-1562-4714-8FA2-E09910FDAF48}"
EndProject
Project("{FAE04EC0-301F-11D3-BF4B-00C04F79EFBC}") = "OSS.Twtr", "OSS.Twtr\OSS.Twtr.csproj", "{AE5389B0-4226-45FE-915F-5B1FA593292B}"
EndProject
Project("{FAE04EC0-301F-11D3-BF4B-00C04F79EFBC}") = "OSS.Twtr.Migrations.Auth", "OSS.Twtr.Migrations.Auth\OSS.Twtr.Migrations.Auth.csproj", "{0B8D5045-6CDA-40B0-ACA8-D94E5F071415}"
EndProject
Project("{FAE04EC0-301F-11D3-BF4B-00C04F79EFBC}") = "OSS.Twtr.Migrations.App", "OSS.Twtr.Migrations.App\OSS.Twtr.Migrations.App.csproj", "{9CB9EA5C-5C11-417A-BBB4-06EC33FE9D96}"
EndProject
Global
	GlobalSection(SolutionConfigurationPlatforms) = preSolution
		Debug|Any CPU = Debug|Any CPU
		Release|Any CPU = Release|Any CPU
	EndGlobalSection
	GlobalSection(ProjectConfigurationPlatforms) = postSolution
		{DABACAF3-1562-4714-8FA2-E09910FDAF48}.Debug|Any CPU.ActiveCfg = Debug|Any CPU
		{DABACAF3-1562-4714-8FA2-E09910FDAF48}.Debug|Any CPU.Build.0 = Debug|Any CPU
		{DABACAF3-1562-4714-8FA2-E09910FDAF48}.Release|Any CPU.ActiveCfg = Release|Any CPU
		{DABACAF3-1562-4714-8FA2-E09910FDAF48}.Release|Any CPU.Build.0 = Release|Any CPU
		{AE5389B0-4226-45FE-915F-5B1FA593292B}.Debug|Any CPU.ActiveCfg = Debug|Any CPU
		{AE5389B0-4226-45FE-915F-5B1FA593292B}.Debug|Any CPU.Build.0 = Debug|Any CPU
		{AE5389B0-4226-45FE-915F-5B1FA593292B}.Release|Any CPU.ActiveCfg = Release|Any CPU
		{AE5389B0-4226-45FE-915F-5B1FA593292B}.Release|Any CPU.Build.0 = Release|Any CPU
		{0B8D5045-6CDA-40B0-ACA8-D94E5F071415}.Debug|Any CPU.ActiveCfg = Debug|Any CPU
		{0B8D5045-6CDA-40B0-ACA8-D94E5F071415}.Debug|Any CPU.Build.0 = Debug|Any CPU
		{0B8D5045-6CDA-40B0-ACA8-D94E5F071415}.Release|Any CPU.ActiveCfg = Release|Any CPU
		{0B8D5045-6CDA-40B0-ACA8-D94E5F071415}.Release|Any CPU.Build.0 = Release|Any CPU
		{9CB9EA5C-5C11-417A-BBB4-06EC33FE9D96}.Debug|Any CPU.ActiveCfg = Debug|Any CPU
		{9CB9EA5C-5C11-417A-BBB4-06EC33FE9D96}.Debug|Any CPU.Build.0 = Debug|Any CPU
		{9CB9EA5C-5C11-417A-BBB4-06EC33FE9D96}.Release|Any CPU.ActiveCfg = Release|Any CPU
		{9CB9EA5C-5C11-417A-BBB4-06EC33FE9D96}.Release|Any CPU.Build.0 = Release|Any CPU
	EndGlobalSection
	GlobalSection(NestedProjects) = preSolution
	EndGlobalSection
EndGlobal
