
Microsoft Visual Studio Solution File, Format Version 12.00
Project("{FAE04EC0-301F-11D3-BF4B-00C04F79EFBC}") = "OSS.Twtr.Api", "OSS.Twtr.Api\OSS.Twtr.Api.csproj", "{DABACAF3-1562-4714-8FA2-E09910FDAF48}"
EndProject
Project("{FAE04EC0-301F-11D3-BF4B-00C04F79EFBC}") = "OSS.Twtr.Integration.Tests", "OSS.Twtr.Integration.Tests\OSS.Twtr.Integration.Tests.csproj", "{A4EA1BFD-CEA0-4AAB-BEC4-B02303AABD70}"
EndProject
Project("{FAE04EC0-301F-11D3-BF4B-00C04F79EFBC}") = "OSS.Twtr.IdentityManagement", "OSS.Twtr.IdentityManagement\OSS.Twtr.IdentityManagement.csproj", "{F820AE18-DC30-443B-9C2B-3C70CE6A3E3A}"
EndProject
Project("{FAE04EC0-301F-11D3-BF4B-00C04F79EFBC}") = "OSS.Twtr.DataManagement", "OSS.Twtr.DataManagement\OSS.Twtr.DataManagement.csproj", "{220DFB8E-E5A2-4D58-A527-9AC3AFE721C3}"
EndProject
Project("{FAE04EC0-301F-11D3-BF4B-00C04F79EFBC}") = "OSS.Twtr.Application", "OSS.Twtr.Application\OSS.Twtr.Application.csproj", "{AE5389B0-4226-45FE-915F-5B1FA593292B}"
EndProject
Project("{FAE04EC0-301F-11D3-BF4B-00C04F79EFBC}") = "OSS.Twtr.Domain", "OSS.Twtr.Domain\OSS.Twtr.Domain.csproj", "{42658513-09F2-49BC-9049-367A701107F8}"
EndProject
Project("{FAE04EC0-301F-11D3-BF4B-00C04F79EFBC}") = "OSS.Twtr.Infrastructure", "OSS.Twtr.Infrastructure\OSS.Twtr.Infrastructure.csproj", "{D8C35B61-4303-4BF6-98AB-35B155CB2CEB}"
EndProject
Project("{FAE04EC0-301F-11D3-BF4B-00C04F79EFBC}") = "OSS.Twtr.Core", "OSS.Twtr.Core\OSS.Twtr.Core.csproj", "{CAE8FB18-80B6-49F5-8151-799CC409C189}"
EndProject
Project("{2150E333-8FDC-42A3-9474-1A3956D46DE8}") = "Common", "Common", "{2D3ACC6E-32C8-4B45-9DE8-BA63C1BB7B4E}"
EndProject
Project("{2150E333-8FDC-42A3-9474-1A3956D46DE8}") = "Tests", "Tests", "{14977287-53D3-4B07-A98C-2A9ADEA86FBF}"
EndProject
Project("{2150E333-8FDC-42A3-9474-1A3956D46DE8}") = "Migrators", "Migrators", "{57A429B1-928C-4473-AC47-E91ACA9DA5E1}"
EndProject
Project("{FAE04EC0-301F-11D3-BF4B-00C04F79EFBC}") = "OSS.Twtr.Migrators.Identity", "OSS.Twtr.Migrators.Identity\OSS.Twtr.Migrators.Identity.csproj", "{60E12CCE-06E6-4D28-8202-F21840F7AD3E}"
EndProject
Project("{FAE04EC0-301F-11D3-BF4B-00C04F79EFBC}") = "OSS.Twtr.Migrators.Data", "OSS.Twtr.Migrators.Data\OSS.Twtr.Migrators.Data.csproj", "{CE93D677-07D7-4BC4-8D59-7D26FDDC20CA}"
EndProject
Global
	GlobalSection(SolutionConfigurationPlatforms) = preSolution
		Debug|Any CPU = Debug|Any CPU
		Release|Any CPU = Release|Any CPU
	EndGlobalSection
	GlobalSection(ProjectConfigurationPlatforms) = postSolution
		{DABACAF3-1562-4714-8FA2-E09910FDAF48}.Debug|Any CPU.ActiveCfg = Debug|Any CPU
		{DABACAF3-1562-4714-8FA2-E09910FDAF48}.Debug|Any CPU.Build.0 = Debug|Any CPU
		{DABACAF3-1562-4714-8FA2-E09910FDAF48}.Release|Any CPU.ActiveCfg = Release|Any CPU
		{DABACAF3-1562-4714-8FA2-E09910FDAF48}.Release|Any CPU.Build.0 = Release|Any CPU
		{A4EA1BFD-CEA0-4AAB-BEC4-B02303AABD70}.Debug|Any CPU.ActiveCfg = Debug|Any CPU
		{A4EA1BFD-CEA0-4AAB-BEC4-B02303AABD70}.Debug|Any CPU.Build.0 = Debug|Any CPU
		{A4EA1BFD-CEA0-4AAB-BEC4-B02303AABD70}.Release|Any CPU.ActiveCfg = Release|Any CPU
		{A4EA1BFD-CEA0-4AAB-BEC4-B02303AABD70}.Release|Any CPU.Build.0 = Release|Any CPU
		{F820AE18-DC30-443B-9C2B-3C70CE6A3E3A}.Debug|Any CPU.ActiveCfg = Debug|Any CPU
		{F820AE18-DC30-443B-9C2B-3C70CE6A3E3A}.Debug|Any CPU.Build.0 = Debug|Any CPU
		{F820AE18-DC30-443B-9C2B-3C70CE6A3E3A}.Release|Any CPU.ActiveCfg = Release|Any CPU
		{F820AE18-DC30-443B-9C2B-3C70CE6A3E3A}.Release|Any CPU.Build.0 = Release|Any CPU
		{220DFB8E-E5A2-4D58-A527-9AC3AFE721C3}.Debug|Any CPU.ActiveCfg = Debug|Any CPU
		{220DFB8E-E5A2-4D58-A527-9AC3AFE721C3}.Debug|Any CPU.Build.0 = Debug|Any CPU
		{220DFB8E-E5A2-4D58-A527-9AC3AFE721C3}.Release|Any CPU.ActiveCfg = Release|Any CPU
		{220DFB8E-E5A2-4D58-A527-9AC3AFE721C3}.Release|Any CPU.Build.0 = Release|Any CPU
		{AE5389B0-4226-45FE-915F-5B1FA593292B}.Debug|Any CPU.ActiveCfg = Debug|Any CPU
		{AE5389B0-4226-45FE-915F-5B1FA593292B}.Debug|Any CPU.Build.0 = Debug|Any CPU
		{AE5389B0-4226-45FE-915F-5B1FA593292B}.Release|Any CPU.ActiveCfg = Release|Any CPU
		{AE5389B0-4226-45FE-915F-5B1FA593292B}.Release|Any CPU.Build.0 = Release|Any CPU
		{42658513-09F2-49BC-9049-367A701107F8}.Debug|Any CPU.ActiveCfg = Debug|Any CPU
		{42658513-09F2-49BC-9049-367A701107F8}.Debug|Any CPU.Build.0 = Debug|Any CPU
		{42658513-09F2-49BC-9049-367A701107F8}.Release|Any CPU.ActiveCfg = Release|Any CPU
		{42658513-09F2-49BC-9049-367A701107F8}.Release|Any CPU.Build.0 = Release|Any CPU
		{D8C35B61-4303-4BF6-98AB-35B155CB2CEB}.Debug|Any CPU.ActiveCfg = Debug|Any CPU
		{D8C35B61-4303-4BF6-98AB-35B155CB2CEB}.Debug|Any CPU.Build.0 = Debug|Any CPU
		{D8C35B61-4303-4BF6-98AB-35B155CB2CEB}.Release|Any CPU.ActiveCfg = Release|Any CPU
		{D8C35B61-4303-4BF6-98AB-35B155CB2CEB}.Release|Any CPU.Build.0 = Release|Any CPU
		{CAE8FB18-80B6-49F5-8151-799CC409C189}.Debug|Any CPU.ActiveCfg = Debug|Any CPU
		{CAE8FB18-80B6-49F5-8151-799CC409C189}.Debug|Any CPU.Build.0 = Debug|Any CPU
		{CAE8FB18-80B6-49F5-8151-799CC409C189}.Release|Any CPU.ActiveCfg = Release|Any CPU
		{CAE8FB18-80B6-49F5-8151-799CC409C189}.Release|Any CPU.Build.0 = Release|Any CPU
		{60E12CCE-06E6-4D28-8202-F21840F7AD3E}.Debug|Any CPU.ActiveCfg = Debug|Any CPU
		{60E12CCE-06E6-4D28-8202-F21840F7AD3E}.Debug|Any CPU.Build.0 = Debug|Any CPU
		{60E12CCE-06E6-4D28-8202-F21840F7AD3E}.Release|Any CPU.ActiveCfg = Release|Any CPU
		{60E12CCE-06E6-4D28-8202-F21840F7AD3E}.Release|Any CPU.Build.0 = Release|Any CPU
		{CE93D677-07D7-4BC4-8D59-7D26FDDC20CA}.Debug|Any CPU.ActiveCfg = Debug|Any CPU
		{CE93D677-07D7-4BC4-8D59-7D26FDDC20CA}.Debug|Any CPU.Build.0 = Debug|Any CPU
		{CE93D677-07D7-4BC4-8D59-7D26FDDC20CA}.Release|Any CPU.ActiveCfg = Release|Any CPU
		{CE93D677-07D7-4BC4-8D59-7D26FDDC20CA}.Release|Any CPU.Build.0 = Release|Any CPU
	EndGlobalSection
	GlobalSection(NestedProjects) = preSolution
		{CAE8FB18-80B6-49F5-8151-799CC409C189} = {2D3ACC6E-32C8-4B45-9DE8-BA63C1BB7B4E}
		{AE5389B0-4226-45FE-915F-5B1FA593292B} = {2D3ACC6E-32C8-4B45-9DE8-BA63C1BB7B4E}
		{42658513-09F2-49BC-9049-367A701107F8} = {2D3ACC6E-32C8-4B45-9DE8-BA63C1BB7B4E}
		{D8C35B61-4303-4BF6-98AB-35B155CB2CEB} = {2D3ACC6E-32C8-4B45-9DE8-BA63C1BB7B4E}
		{A4EA1BFD-CEA0-4AAB-BEC4-B02303AABD70} = {14977287-53D3-4B07-A98C-2A9ADEA86FBF}
		{60E12CCE-06E6-4D28-8202-F21840F7AD3E} = {57A429B1-928C-4473-AC47-E91ACA9DA5E1}
		{CE93D677-07D7-4BC4-8D59-7D26FDDC20CA} = {57A429B1-928C-4473-AC47-E91ACA9DA5E1}
	EndGlobalSection
EndGlobal
