
Microsoft Visual Studio Solution File, Format Version 12.00
Project("{FAE04EC0-301F-11D3-BF4B-00C04F79EFBC}") = "OSS.Twtr.Api", "OSS.Twtr.Api\OSS.Twtr.Api.csproj", "{DABACAF3-1562-4714-8FA2-E09910FDAF48}"
EndProject
Project("{FAE04EC0-301F-11D3-BF4B-00C04F79EFBC}") = "OSS.Twtr.Application", "OSS.Twtr.Application\OSS.Twtr.Application.csproj", "{AE5389B0-4226-45FE-915F-5B1FA593292B}"
EndProject
Project("{FAE04EC0-301F-11D3-BF4B-00C04F79EFBC}") = "OSS.Twtr.Domain", "OSS.Twtr.Domain\OSS.Twtr.Domain.csproj", "{42658513-09F2-49BC-9049-367A701107F8}"
EndProject
Project("{FAE04EC0-301F-11D3-BF4B-00C04F79EFBC}") = "OSS.Twtr.Infrastructure", "OSS.Twtr.Infrastructure\OSS.Twtr.Infrastructure.csproj", "{D8C35B61-4303-4BF6-98AB-35B155CB2CEB}"
EndProject
Project("{FAE04EC0-301F-11D3-BF4B-00C04F79EFBC}") = "OSS.Twtr.Core", "OSS.Twtr.Core\OSS.Twtr.Core.csproj", "{CAE8FB18-80B6-49F5-8151-799CC409C189}"
EndProject
Project("{2150E333-8FDC-42A3-9474-1A3956D46DE8}") = "Identity", "Identity", "{BBEC654E-F2BE-4A6C-B44D-AE1117E33D49}"
EndProject
Project("{2150E333-8FDC-42A3-9474-1A3956D46DE8}") = "Management", "Management", "{D1B39E29-2888-4F57-88B6-016D67FE52E0}"
EndProject
Project("{FAE04EC0-301F-11D3-BF4B-00C04F79EFBC}") = "OSS.Twtr.Identity.Application", "Identity\OSS.Twtr.Identity.Application\OSS.Twtr.Identity.Application.csproj", "{C9153317-601F-4E55-89DE-C61484460B7C}"
EndProject
Project("{FAE04EC0-301F-11D3-BF4B-00C04F79EFBC}") = "OSS.Twtr.Identity.Domain", "Identity\OSS.Twtr.Identity.Domain\OSS.Twtr.Identity.Domain.csproj", "{F3C83F4C-4278-4926-9ABE-B61FC76E783E}"
EndProject
Project("{FAE04EC0-301F-11D3-BF4B-00C04F79EFBC}") = "OSS.Twtr.Identity.Infrastructure", "Identity\OSS.Twtr.Identity.Infrastructure\OSS.Twtr.Identity.Infrastructure.csproj", "{5F3F812F-30CC-4DD0-8E67-5EC4502EB776}"
EndProject
Project("{FAE04EC0-301F-11D3-BF4B-00C04F79EFBC}") = "OSS.Twtr.Management.Domain", "Management\OSS.Twtr.Management.Domain\OSS.Twtr.Management.Domain.csproj", "{D90E9E98-A39A-4379-8E29-BF166DC2571F}"
EndProject
Project("{FAE04EC0-301F-11D3-BF4B-00C04F79EFBC}") = "OSS.Twtr.Management.Application", "Management\OSS.Twtr.Management.Application\OSS.Twtr.Management.Application.csproj", "{BE10580C-A95B-4104-B7FE-00DB56B59715}"
EndProject
Project("{FAE04EC0-301F-11D3-BF4B-00C04F79EFBC}") = "OSS.Twtr.Management.Infrastructure", "Management\OSS.Twtr.Management.Infrastructure\OSS.Twtr.Management.Infrastructure.csproj", "{5B2C9FC9-CBC5-4A72-A51A-C48A4FDEA77E}"
EndProject
Project("{FAE04EC0-301F-11D3-BF4B-00C04F79EFBC}") = "OSS.Twtr.Identity.Tests", "Identity\OSS.Twtr.Identity.Tests\OSS.Twtr.Identity.Tests.csproj", "{34B37231-0F95-4D72-A0BB-3EBF05555566}"
EndProject
Global
	GlobalSection(SolutionConfigurationPlatforms) = preSolution
		Debug|Any CPU = Debug|Any CPU
		Release|Any CPU = Release|Any CPU
	EndGlobalSection
	GlobalSection(ProjectConfigurationPlatforms) = postSolution
		{DABACAF3-1562-4714-8FA2-E09910FDAF48}.Debug|Any CPU.ActiveCfg = Debug|Any CPU
		{DABACAF3-1562-4714-8FA2-E09910FDAF48}.Debug|Any CPU.Build.0 = Debug|Any CPU
		{DABACAF3-1562-4714-8FA2-E09910FDAF48}.Release|Any CPU.ActiveCfg = Release|Any CPU
		{DABACAF3-1562-4714-8FA2-E09910FDAF48}.Release|Any CPU.Build.0 = Release|Any CPU
		{AE5389B0-4226-45FE-915F-5B1FA593292B}.Debug|Any CPU.ActiveCfg = Debug|Any CPU
		{AE5389B0-4226-45FE-915F-5B1FA593292B}.Debug|Any CPU.Build.0 = Debug|Any CPU
		{AE5389B0-4226-45FE-915F-5B1FA593292B}.Release|Any CPU.ActiveCfg = Release|Any CPU
		{AE5389B0-4226-45FE-915F-5B1FA593292B}.Release|Any CPU.Build.0 = Release|Any CPU
		{42658513-09F2-49BC-9049-367A701107F8}.Debug|Any CPU.ActiveCfg = Debug|Any CPU
		{42658513-09F2-49BC-9049-367A701107F8}.Debug|Any CPU.Build.0 = Debug|Any CPU
		{42658513-09F2-49BC-9049-367A701107F8}.Release|Any CPU.ActiveCfg = Release|Any CPU
		{42658513-09F2-49BC-9049-367A701107F8}.Release|Any CPU.Build.0 = Release|Any CPU
		{D8C35B61-4303-4BF6-98AB-35B155CB2CEB}.Debug|Any CPU.ActiveCfg = Debug|Any CPU
		{D8C35B61-4303-4BF6-98AB-35B155CB2CEB}.Debug|Any CPU.Build.0 = Debug|Any CPU
		{D8C35B61-4303-4BF6-98AB-35B155CB2CEB}.Release|Any CPU.ActiveCfg = Release|Any CPU
		{D8C35B61-4303-4BF6-98AB-35B155CB2CEB}.Release|Any CPU.Build.0 = Release|Any CPU
		{CAE8FB18-80B6-49F5-8151-799CC409C189}.Debug|Any CPU.ActiveCfg = Debug|Any CPU
		{CAE8FB18-80B6-49F5-8151-799CC409C189}.Debug|Any CPU.Build.0 = Debug|Any CPU
		{CAE8FB18-80B6-49F5-8151-799CC409C189}.Release|Any CPU.ActiveCfg = Release|Any CPU
		{CAE8FB18-80B6-49F5-8151-799CC409C189}.Release|Any CPU.Build.0 = Release|Any CPU
		{C9153317-601F-4E55-89DE-C61484460B7C}.Debug|Any CPU.ActiveCfg = Debug|Any CPU
		{C9153317-601F-4E55-89DE-C61484460B7C}.Debug|Any CPU.Build.0 = Debug|Any CPU
		{C9153317-601F-4E55-89DE-C61484460B7C}.Release|Any CPU.ActiveCfg = Release|Any CPU
		{C9153317-601F-4E55-89DE-C61484460B7C}.Release|Any CPU.Build.0 = Release|Any CPU
		{F3C83F4C-4278-4926-9ABE-B61FC76E783E}.Debug|Any CPU.ActiveCfg = Debug|Any CPU
		{F3C83F4C-4278-4926-9ABE-B61FC76E783E}.Debug|Any CPU.Build.0 = Debug|Any CPU
		{F3C83F4C-4278-4926-9ABE-B61FC76E783E}.Release|Any CPU.ActiveCfg = Release|Any CPU
		{F3C83F4C-4278-4926-9ABE-B61FC76E783E}.Release|Any CPU.Build.0 = Release|Any CPU
		{5F3F812F-30CC-4DD0-8E67-5EC4502EB776}.Debug|Any CPU.ActiveCfg = Debug|Any CPU
		{5F3F812F-30CC-4DD0-8E67-5EC4502EB776}.Debug|Any CPU.Build.0 = Debug|Any CPU
		{5F3F812F-30CC-4DD0-8E67-5EC4502EB776}.Release|Any CPU.ActiveCfg = Release|Any CPU
		{5F3F812F-30CC-4DD0-8E67-5EC4502EB776}.Release|Any CPU.Build.0 = Release|Any CPU
		{D90E9E98-A39A-4379-8E29-BF166DC2571F}.Debug|Any CPU.ActiveCfg = Debug|Any CPU
		{D90E9E98-A39A-4379-8E29-BF166DC2571F}.Debug|Any CPU.Build.0 = Debug|Any CPU
		{D90E9E98-A39A-4379-8E29-BF166DC2571F}.Release|Any CPU.ActiveCfg = Release|Any CPU
		{D90E9E98-A39A-4379-8E29-BF166DC2571F}.Release|Any CPU.Build.0 = Release|Any CPU
		{BE10580C-A95B-4104-B7FE-00DB56B59715}.Debug|Any CPU.ActiveCfg = Debug|Any CPU
		{BE10580C-A95B-4104-B7FE-00DB56B59715}.Debug|Any CPU.Build.0 = Debug|Any CPU
		{BE10580C-A95B-4104-B7FE-00DB56B59715}.Release|Any CPU.ActiveCfg = Release|Any CPU
		{BE10580C-A95B-4104-B7FE-00DB56B59715}.Release|Any CPU.Build.0 = Release|Any CPU
		{5B2C9FC9-CBC5-4A72-A51A-C48A4FDEA77E}.Debug|Any CPU.ActiveCfg = Debug|Any CPU
		{5B2C9FC9-CBC5-4A72-A51A-C48A4FDEA77E}.Debug|Any CPU.Build.0 = Debug|Any CPU
		{5B2C9FC9-CBC5-4A72-A51A-C48A4FDEA77E}.Release|Any CPU.ActiveCfg = Release|Any CPU
		{5B2C9FC9-CBC5-4A72-A51A-C48A4FDEA77E}.Release|Any CPU.Build.0 = Release|Any CPU
		{34B37231-0F95-4D72-A0BB-3EBF05555566}.Debug|Any CPU.ActiveCfg = Debug|Any CPU
		{34B37231-0F95-4D72-A0BB-3EBF05555566}.Debug|Any CPU.Build.0 = Debug|Any CPU
		{34B37231-0F95-4D72-A0BB-3EBF05555566}.Release|Any CPU.ActiveCfg = Release|Any CPU
		{34B37231-0F95-4D72-A0BB-3EBF05555566}.Release|Any CPU.Build.0 = Release|Any CPU
	EndGlobalSection
	GlobalSection(NestedProjects) = preSolution
		{C9153317-601F-4E55-89DE-C61484460B7C} = {BBEC654E-F2BE-4A6C-B44D-AE1117E33D49}
		{F3C83F4C-4278-4926-9ABE-B61FC76E783E} = {BBEC654E-F2BE-4A6C-B44D-AE1117E33D49}
		{5F3F812F-30CC-4DD0-8E67-5EC4502EB776} = {BBEC654E-F2BE-4A6C-B44D-AE1117E33D49}
		{D90E9E98-A39A-4379-8E29-BF166DC2571F} = {D1B39E29-2888-4F57-88B6-016D67FE52E0}
		{BE10580C-A95B-4104-B7FE-00DB56B59715} = {D1B39E29-2888-4F57-88B6-016D67FE52E0}
		{5B2C9FC9-CBC5-4A72-A51A-C48A4FDEA77E} = {D1B39E29-2888-4F57-88B6-016D67FE52E0}
		{34B37231-0F95-4D72-A0BB-3EBF05555566} = {BBEC654E-F2BE-4A6C-B44D-AE1117E33D49}
	EndGlobalSection
EndGlobal
